
Microsoft Visual Studio Solution File, Format Version 12.00
# Visual Studio Version 17
VisualStudioVersion = 17.1.32421.90
MinimumVisualStudioVersion = 10.0.40219.1
Project("{FAE04EC0-301F-11D3-BF4B-00C04F79EFBC}") = "MovieDatabaseLab", "MovieDatabaseLab\MovieDatabaseLab.csproj", "{343E60B1-2FEF-4542-8C3F-A26B9AA5A0ED}"
EndProject
Global
	GlobalSection(SolutionConfigurationPlatforms) = preSolution
		Debug|Any CPU = Debug|Any CPU
		Release|Any CPU = Release|Any CPU
	EndGlobalSection
	GlobalSection(ProjectConfigurationPlatforms) = postSolution
		{343E60B1-2FEF-4542-8C3F-A26B9AA5A0ED}.Debug|Any CPU.ActiveCfg = Debug|Any CPU
		{343E60B1-2FEF-4542-8C3F-A26B9AA5A0ED}.Debug|Any CPU.Build.0 = Debug|Any CPU
		{343E60B1-2FEF-4542-8C3F-A26B9AA5A0ED}.Release|Any CPU.ActiveCfg = Release|Any CPU
		{343E60B1-2FEF-4542-8C3F-A26B9AA5A0ED}.Release|Any CPU.Build.0 = Release|Any CPU
	EndGlobalSection
	GlobalSection(SolutionProperties) = preSolution
		HideSolutionNode = FALSE
	EndGlobalSection
	GlobalSection(ExtensibilityGlobals) = postSolution
		SolutionGuid = {48A3B53B-9472-4B6F-9FE8-A023CA015662}
	EndGlobalSection
EndGlobal
